PODS:
  - Alamofire (4.5.1)

DEPENDENCIES:
  - Alamofire (from `https://github.com/Alamofire/Alamofire.git`)

EXTERNAL SOURCES:
  Alamofire:
    :git: https://github.com/Alamofire/Alamofire.git

CHECKOUT OPTIONS:
  Alamofire:
    :commit: b8995447518fd57af14c88a47f27434a16f60403
    :git: https://github.com/Alamofire/Alamofire.git

SPEC CHECKSUMS:
  Alamofire: 0224236301daac8c6578172706304b66b48236b5

PODFILE CHECKSUM: 26214c93f88c214941dfbce3da504bc249b8e642

COCOAPODS: 1.3.1
